
Microsoft Visual Studio Solution File, Format Version 12.00
# Visual Studio 15
VisualStudioVersion = 15.0.28010.2046
MinimumVisualStudioVersion = 10.0.40219.1
Project("{8BC9CEB8-8B4A-11D0-8D11-00A0C91BC942}") = "Assembler", "Assembler\Assembler.vcxproj", "{96CE937D-E830-4663-9071-134C95397613}"
EndProject
Global
	GlobalSection(SolutionConfigurationPlatforms) = preSolution
		Debug|x64 = Debug|x64
		Debug|x86 = Debug|x86
		Release|x64 = Release|x64
		Release|x86 = Release|x86
	EndGlobalSection
	GlobalSection(ProjectConfigurationPlatforms) = postSolution
		{96CE937D-E830-4663-9071-134C95397613}.Debug|x64.ActiveCfg = Debug|x64
		{96CE937D-E830-4663-9071-134C95397613}.Debug|x64.Build.0 = Debug|x64
		{96CE937D-E830-4663-9071-134C95397613}.Debug|x86.ActiveCfg = Debug|Win32
		{96CE937D-E830-4663-9071-134C95397613}.Debug|x86.Build.0 = Debug|Win32
		{96CE937D-E830-4663-9071-134C95397613}.Release|x64.ActiveCfg = Release|x64
		{96CE937D-E830-4663-9071-134C95397613}.Release|x64.Build.0 = Release|x64
		{96CE937D-E830-4663-9071-134C95397613}.Release|x86.ActiveCfg = Release|Win32
		{96CE937D-E830-4663-9071-134C95397613}.Release|x86.Build.0 = Release|Win32
	EndGlobalSection
	GlobalSection(SolutionProperties) = preSolution
		HideSolutionNode = FALSE
	EndGlobalSection
	GlobalSection(ExtensibilityGlobals) = postSolution
		SolutionGuid = {E13BCF68-3393-4AE2-9FFA-FD32450783B6}
	EndGlobalSection
EndGlobal
